// !$*UTF8*$!
{
	archiveVersion = 1;
	classes = {
	};
	objectVersion = 46;
	objects = {

/* Begin PBXBuildFile section */
		116B1CA6C77E7B27E5E4FF44 /* libPods-Tour KenyaUITests.a in Frameworks */ = {isa = PBXBuildFile; fileRef = CD6866D7FB7916F6CD824DFA /* libPods-Tour KenyaUITests.a */; };
		A16B2D971D9D625500407BF2 /* PlacePreviewController.m in Sources */ = {isa = PBXBuildFile; fileRef = A16B2D961D9D625500407BF2 /* PlacePreviewController.m */; };
		A16B2D9A1D9D669D00407BF2 /* Main.storyboard in Resources */ = {isa = PBXBuildFile; fileRef = A16B2D981D9D669C00407BF2 /* Main.storyboard */; };
		A16CA1AF1D9BB74000F5DC7D /* Place.m in Sources */ = {isa = PBXBuildFile; fileRef = A16CA1AE1D9BB74000F5DC7D /* Place.m */; };
		A16CA1B11D9BDB4100F5DC7D /* default.jpg in Resources */ = {isa = PBXBuildFile; fileRef = A16CA1B01D9BDB4100F5DC7D /* default.jpg */; };
		A172AB2A1D59F13C00C187B9 /* PlaceDetailsViewController.m in Sources */ = {isa = PBXBuildFile; fileRef = A172AB291D59F13C00C187B9 /* PlaceDetailsViewController.m */; settings = {COMPILER_FLAGS = "-fno-objc-arc"; }; };
		A172AB2D1D59FAA200C187B9 /* MapViewController.m in Sources */ = {isa = PBXBuildFile; fileRef = A172AB2C1D59FAA200C187B9 /* MapViewController.m */; };
		A1A6BC931D5A0129003E55C4 /* CoreLocation.framework in Frameworks */ = {isa = PBXBuildFile; fileRef = A1A6BC921D5A0129003E55C4 /* CoreLocation.framework */; };
		A1A6BC951D5A013D003E55C4 /* MapKit.framework in Frameworks */ = {isa = PBXBuildFile; fileRef = A1A6BC941D5A013D003E55C4 /* MapKit.framework */; settings = {ATTRIBUTES = (Required, ); }; };
		A1F63F661D9E69EA00C6A5DD /* CoreData.framework in Frameworks */ = {isa = PBXBuildFile; fileRef = A1F63F651D9E69EA00C6A5DD /* CoreData.framework */; };
		A1F63F8D1D9E777400C6A5DD /* Accelerate.framework in Frameworks */ = {isa = PBXBuildFile; fileRef = A1F63F8C1D9E777400C6A5DD /* Accelerate.framework */; };
		A1F63F8F1D9E777C00C6A5DD /* UIKit.framework in Frameworks */ = {isa = PBXBuildFile; fileRef = A1F63F8E1D9E777C00C6A5DD /* UIKit.framework */; };
		A1F63F911D9E778E00C6A5DD /* GLKit.framework in Frameworks */ = {isa = PBXBuildFile; fileRef = A1F63F901D9E778E00C6A5DD /* GLKit.framework */; };
		A1F63F931D9E77B400C6A5DD /* SystemConfiguration.framework in Frameworks */ = {isa = PBXBuildFile; fileRef = A1F63F921D9E77B400C6A5DD /* SystemConfiguration.framework */; };
		A1F63F951D9E77C600C6A5DD /* CoreGraphics.framework in Frameworks */ = {isa = PBXBuildFile; fileRef = A1F63F941D9E77C600C6A5DD /* CoreGraphics.framework */; };
		A1F63F9D1D9E93B700C6A5DD /* GoogleMaps.framework in Frameworks */ = {isa = PBXBuildFile; fileRef = A1F63F9C1D9E93B700C6A5DD /* GoogleMaps.framework */; };
		BBC7A206CA5BC2BE80071D1F /* libPods-Tour KenyaTests.a in Frameworks */ = {isa = PBXBuildFile; fileRef = 53A0BF2BFDF507043036633C /* libPods-Tour KenyaTests.a */; };
		E5BD41E91D533BE600A2AD8F /* main.m in Sources */ = {isa = PBXBuildFile; fileRef = E5BD41E81D533BE600A2AD8F /* main.m */; };
		E5BD41EC1D533BE600A2AD8F /* AppDelegate.m in Sources */ = {isa = PBXBuildFile; fileRef = E5BD41EB1D533BE600A2AD8F /* AppDelegate.m */; };
		E5BD41EF1D533BE600A2AD8F /* ViewController.m in Sources */ = {isa = PBXBuildFile; fileRef = E5BD41EE1D533BE600A2AD8F /* ViewController.m */; };
		E5BD41F51D533BE600A2AD8F /* Tour_Kenya.xcdatamodeld in Sources */ = {isa = PBXBuildFile; fileRef = E5BD41F31D533BE600A2AD8F /* Tour_Kenya.xcdatamodeld */; };
		E5BD41F71D533BE600A2AD8F /* Assets.xcassets in Resources */ = {isa = PBXBuildFile; fileRef = E5BD41F61D533BE600A2AD8F /* Assets.xcassets */; };
		E5BD41FA1D533BE600A2AD8F /* LaunchScreen.storyboard in Resources */ = {isa = PBXBuildFile; fileRef = E5BD41F81D533BE600A2AD8F /* LaunchScreen.storyboard */; };
		E5BD42051D533BE600A2AD8F /* Tour_KenyaTests.m in Sources */ = {isa = PBXBuildFile; fileRef = E5BD42041D533BE600A2AD8F /* Tour_KenyaTests.m */; };
		E5BD42101D533BE600A2AD8F /* Tour_KenyaUITests.m in Sources */ = {isa = PBXBuildFile; fileRef = E5BD420F1D533BE600A2AD8F /* Tour_KenyaUITests.m */; };
		ECA1D5A2217C08300D2EE48E /* libPods-Tour Kenya.a in Frameworks */ = {isa = PBXBuildFile; fileRef = 6C0C2E36AD8B129477647BC1 /* libPods-Tour Kenya.a */; };
/* End PBXBuildFile section */

/* Begin PBXContainerItemProxy section */
		E5BD42011D533BE600A2AD8F /* PBXContainerItemProxy */ = {
			isa = PBXContainerItemProxy;
			containerPortal = E5BD41DC1D533BE600A2AD8F /* Project object */;
			proxyType = 1;
			remoteGlobalIDString = E5BD41E31D533BE600A2AD8F;
			remoteInfo = "Tour Kenya";
		};
		E5BD420C1D533BE600A2AD8F /* PBXContainerItemProxy */ = {
			isa = PBXContainerItemProxy;
			containerPortal = E5BD41DC1D533BE600A2AD8F /* Project object */;
			proxyType = 1;
			remoteGlobalIDString = E5BD41E31D533BE600A2AD8F;
			remoteInfo = "Tour Kenya";
		};
/* End PBXContainerItemProxy section */

/* Begin PBXFileReference section */
		23F0B4BA41470B7EB7510958 /* Pods-Tour Kenya.debug.xcconfig */ = {isa = PBXFileReference; includeInIndex = 1; lastKnownFileType = text.xcconfig; name = "Pods-Tour Kenya.debug.xcconfig"; path = "Pods/Target Support Files/Pods-Tour Kenya/Pods-Tour Kenya.debug.xcconfig"; sourceTree = "<group>"; };
		4C3107DD8663C9135ACE564D /* Pods-Tour KenyaUITests.release.xcconfig */ = {isa = PBXFileReference; includeInIndex = 1; lastKnownFileType = text.xcconfig; name = "Pods-Tour KenyaUITests.release.xcconfig"; path = "Pods/Target Support Files/Pods-Tour KenyaUITests/Pods-Tour KenyaUITests.release.xcconfig"; sourceTree = "<group>"; };
		53A0BF2BFDF507043036633C /* libPods-Tour KenyaTests.a */ = {isa = PBXFileReference; explicitFileType = archive.ar; includeInIndex = 0; path = "libPods-Tour KenyaTests.a"; sourceTree = BUILT_PRODUCTS_DIR; };
		6C0C2E36AD8B129477647BC1 /* libPods-Tour Kenya.a */ = {isa = PBXFileReference; explicitFileType = archive.ar; includeInIndex = 0; path = "libPods-Tour Kenya.a"; sourceTree = BUILT_PRODUCTS_DIR; };
		76ACA0153E41E2774D4F5008 /* Pods-Tour KenyaTests.release.xcconfig */ = {isa = PBXFileReference; includeInIndex = 1; lastKnownFileType = text.xcconfig; name = "Pods-Tour KenyaTests.release.xcconfig"; path = "Pods/Target Support Files/Pods-Tour KenyaTests/Pods-Tour KenyaTests.release.xcconfig"; sourceTree = "<group>"; };
		8C709E8E766816A939AA323B /* Pods-Tour KenyaUITests.debug.xcconfig */ = {isa = PBXFileReference; includeInIndex = 1; lastKnownFileType = text.xcconfig; name = "Pods-Tour KenyaUITests.debug.xcconfig"; path = "Pods/Target Support Files/Pods-Tour KenyaUITests/Pods-Tour KenyaUITests.debug.xcconfig"; sourceTree = "<group>"; };
		9C75FAF9C4D3B8EF9D2092CE /* Pods-Tour Kenya.release.xcconfig */ = {isa = PBXFileReference; includeInIndex = 1; lastKnownFileType = text.xcconfig; name = "Pods-Tour Kenya.release.xcconfig"; path = "Pods/Target Support Files/Pods-Tour Kenya/Pods-Tour Kenya.release.xcconfig"; sourceTree = "<group>"; };
		A16B2D951D9D625500407BF2 /* PlacePreviewController.h */ = {isa = PBXFileReference; fileEncoding = 4; lastKnownFileType = sourcecode.c.h; path = PlacePreviewController.h; sourceTree = "<group>"; };
		A16B2D961D9D625500407BF2 /* PlacePreviewController.m */ = {isa = PBXFileReference; fileEncoding = 4; lastKnownFileType = sourcecode.c.objc; path = PlacePreviewController.m; sourceTree = "<group>"; };
		A16B2D991D9D669D00407BF2 /* Base */ = {isa = PBXFileReference; lastKnownFileType = file.storyboard; name = Base; path = Base.lproj/Main.storyboard; sourceTree = "<group>"; };
		A16CA1AD1D9BB74000F5DC7D /* Place.h */ = {isa = PBXFileReference; fileEncoding = 4; lastKnownFileType = sourcecode.c.h; path = Place.h; sourceTree = "<group>"; };
		A16CA1AE1D9BB74000F5DC7D /* Place.m */ = {isa = PBXFileReference; fileEncoding = 4; lastKnownFileType = sourcecode.c.objc; path = Place.m; sourceTree = "<group>"; };
		A16CA1B01D9BDB4100F5DC7D /* default.jpg */ = {isa = PBXFileReference; lastKnownFileType = image.jpeg; name = default.jpg; path = ../default.jpg; sourceTree = "<group>"; };
		A172AB281D59F13C00C187B9 /* PlaceDetailsViewController.h */ = {isa = PBXFileReference; fileEncoding = 4; lastKnownFileType = sourcecode.c.h; path = PlaceDetailsViewController.h; sourceTree = "<group>"; };
		A172AB291D59F13C00C187B9 /* PlaceDetailsViewController.m */ = {isa = PBXFileReference; fileEncoding = 4; lastKnownFileType = sourcecode.c.objc; path = PlaceDetailsViewController.m; sourceTree = "<group>"; };
		A172AB2B1D59FAA200C187B9 /* MapViewController.h */ = {isa = PBXFileReference; fileEncoding = 4; lastKnownFileType = sourcecode.c.h; path = MapViewController.h; sourceTree = "<group>"; };
		A172AB2C1D59FAA200C187B9 /* MapViewController.m */ = {isa = PBXFileReference; fileEncoding = 4; lastKnownFileType = sourcecode.c.objc; path = MapViewController.m; sourceTree = "<group>"; };
		A1A6BC921D5A0129003E55C4 /* CoreLocation.framework */ = {isa = PBXFileReference; lastKnownFileType = wrapper.framework; name = CoreLocation.framework; path = System/Library/Frameworks/CoreLocation.framework; sourceTree = SDKROOT; };
		A1A6BC941D5A013D003E55C4 /* MapKit.framework */ = {isa = PBXFileReference; lastKnownFileType = wrapper.framework; name = MapKit.framework; path = System/Library/Frameworks/MapKit.framework; sourceTree = SDKROOT; };
		A1F63F651D9E69EA00C6A5DD /* CoreData.framework */ = {isa = PBXFileReference; lastKnownFileType = wrapper.framework; name = CoreData.framework; path = System/Library/Frameworks/CoreData.framework; sourceTree = SDKROOT; };
		A1F63F8C1D9E777400C6A5DD /* Accelerate.framework */ = {isa = PBXFileReference; lastKnownFileType = wrapper.framework; name = Accelerate.framework; path = System/Library/Frameworks/Accelerate.framework; sourceTree = SDKROOT; };
		A1F63F8E1D9E777C00C6A5DD /* UIKit.framework */ = {isa = PBXFileReference; lastKnownFileType = wrapper.framework; name = UIKit.framework; path = System/Library/Frameworks/UIKit.framework; sourceTree = SDKROOT; };
		A1F63F901D9E778E00C6A5DD /* GLKit.framework */ = {isa = PBXFileReference; lastKnownFileType = wrapper.framework; name = GLKit.framework; path = System/Library/Frameworks/GLKit.framework; sourceTree = SDKROOT; };
		A1F63F921D9E77B400C6A5DD /* SystemConfiguration.framework */ = {isa = PBXFileReference; lastKnownFileType = wrapper.framework; name = SystemConfiguration.framework; path = System/Library/Frameworks/SystemConfiguration.framework; sourceTree = SDKROOT; };
		A1F63F941D9E77C600C6A5DD /* CoreGraphics.framework */ = {isa = PBXFileReference; lastKnownFileType = wrapper.framework; name = CoreGraphics.framework; path = System/Library/Frameworks/CoreGraphics.framework; sourceTree = SDKROOT; };
		A1F63F9C1D9E93B700C6A5DD /* GoogleMaps.framework */ = {isa = PBXFileReference; lastKnownFileType = wrapper.framework; name = GoogleMaps.framework; path = Frameworks/GoogleMaps.framework; sourceTree = "<group>"; };
		A91DD6B051482D866C71E9E2 /* Pods-Tour KenyaTests.debug.xcconfig */ = {isa = PBXFileReference; includeInIndex = 1; lastKnownFileType = text.xcconfig; name = "Pods-Tour KenyaTests.debug.xcconfig"; path = "Pods/Target Support Files/Pods-Tour KenyaTests/Pods-Tour KenyaTests.debug.xcconfig"; sourceTree = "<group>"; };
		CD6866D7FB7916F6CD824DFA /* libPods-Tour KenyaUITests.a */ = {isa = PBXFileReference; explicitFileType = archive.ar; includeInIndex = 0; path = "libPods-Tour KenyaUITests.a"; sourceTree = BUILT_PRODUCTS_DIR; };
		E5BD41E41D533BE600A2AD8F /* Tour Kenya.app */ = {isa = PBXFileReference; explicitFileType = wrapper.application; includeInIndex = 0; path = "Tour Kenya.app"; sourceTree = BUILT_PRODUCTS_DIR; };
		E5BD41E81D533BE600A2AD8F /* main.m */ = {isa = PBXFileReference; lastKnownFileType = sourcecode.c.objc; path = main.m; sourceTree = "<group>"; };
		E5BD41EA1D533BE600A2AD8F /* AppDelegate.h */ = {isa = PBXFileReference; lastKnownFileType = sourcecode.c.h; path = AppDelegate.h; sourceTree = "<group>"; };
		E5BD41EB1D533BE600A2AD8F /* AppDelegate.m */ = {isa = PBXFileReference; lastKnownFileType = sourcecode.c.objc; path = AppDelegate.m; sourceTree = "<group>"; };
		E5BD41ED1D533BE600A2AD8F /* ViewController.h */ = {isa = PBXFileReference; lastKnownFileType = sourcecode.c.h; path = ViewController.h; sourceTree = "<group>"; };
		E5BD41EE1D533BE600A2AD8F /* ViewController.m */ = {isa = PBXFileReference; lastKnownFileType = sourcecode.c.objc; path = ViewController.m; sourceTree = "<group>"; };
		E5BD41F41D533BE600A2AD8F /* Tour_Kenya.xcdatamodel */ = {isa = PBXFileReference; lastKnownFileType = wrapper.xcdatamodel; path = Tour_Kenya.xcdatamodel; sourceTree = "<group>"; };
		E5BD41F61D533BE600A2AD8F /* Assets.xcassets */ = {isa = PBXFileReference; lastKnownFileType = folder.assetcatalog; path = Assets.xcassets; sourceTree = "<group>"; };
		E5BD41F91D533BE600A2AD8F /* Base */ = {isa = PBXFileReference; lastKnownFileType = file.storyboard; name = Base; path = Base.lproj/LaunchScreen.storyboard; sourceTree = "<group>"; };
		E5BD41FB1D533BE600A2AD8F /* Info.plist */ = {isa = PBXFileReference; lastKnownFileType = text.plist.xml; path = Info.plist; sourceTree = "<group>"; };
		E5BD42001D533BE600A2AD8F /* Tour KenyaTests.xctest */ = {isa = PBXFileReference; explicitFileType = wrapper.cfbundle; includeInIndex = 0; path = "Tour KenyaTests.xctest"; sourceTree = BUILT_PRODUCTS_DIR; };
		E5BD42041D533BE600A2AD8F /* Tour_KenyaTests.m */ = {isa = PBXFileReference; lastKnownFileType = sourcecode.c.objc; path = Tour_KenyaTests.m; sourceTree = "<group>"; };
		E5BD42061D533BE600A2AD8F /* Info.plist */ = {isa = PBXFileReference; lastKnownFileType = text.plist.xml; path = Info.plist; sourceTree = "<group>"; };
		E5BD420B1D533BE600A2AD8F /* Tour KenyaUITests.xctest */ = {isa = PBXFileReference; explicitFileType = wrapper.cfbundle; includeInIndex = 0; path = "Tour KenyaUITests.xctest"; sourceTree = BUILT_PRODUCTS_DIR; };
		E5BD420F1D533BE600A2AD8F /* Tour_KenyaUITests.m */ = {isa = PBXFileReference; lastKnownFileType = sourcecode.c.objc; path = Tour_KenyaUITests.m; sourceTree = "<group>"; };
		E5BD42111D533BE600A2AD8F /* Info.plist */ = {isa = PBXFileReference; lastKnownFileType = text.plist.xml; path = Info.plist; sourceTree = "<group>"; };
/* End PBXFileReference section */

/* Begin PBXFrameworksBuildPhase section */
		E5BD41E11D533BE600A2AD8F /* Frameworks */ = {
			isa = PBXFrameworksBuildPhase;
			buildActionMask = 2147483647;
			files = (
				A1F63F9D1D9E93B700C6A5DD /* GoogleMaps.framework in Frameworks */,
				A1F63F951D9E77C600C6A5DD /* CoreGraphics.framework in Frameworks */,
				A1F63F931D9E77B400C6A5DD /* SystemConfiguration.framework in Frameworks */,
				A1F63F911D9E778E00C6A5DD /* GLKit.framework in Frameworks */,
				A1F63F8F1D9E777C00C6A5DD /* UIKit.framework in Frameworks */,
				A1F63F8D1D9E777400C6A5DD /* Accelerate.framework in Frameworks */,
				A1F63F661D9E69EA00C6A5DD /* CoreData.framework in Frameworks */,
				A1A6BC951D5A013D003E55C4 /* MapKit.framework in Frameworks */,
				A1A6BC931D5A0129003E55C4 /* CoreLocation.framework in Frameworks */,
				ECA1D5A2217C08300D2EE48E /* libPods-Tour Kenya.a in Frameworks */,
			);
			runOnlyForDeploymentPostprocessing = 0;
		};
		E5BD41FD1D533BE600A2AD8F /* Frameworks */ = {
			isa = PBXFrameworksBuildPhase;
			buildActionMask = 2147483647;
			files = (
				BBC7A206CA5BC2BE80071D1F /* libPods-Tour KenyaTests.a in Frameworks */,
			);
			runOnlyForDeploymentPostprocessing = 0;
		};
		E5BD42081D533BE600A2AD8F /* Frameworks */ = {
			isa = PBXFrameworksBuildPhase;
			buildActionMask = 2147483647;
			files = (
				116B1CA6C77E7B27E5E4FF44 /* libPods-Tour KenyaUITests.a in Frameworks */,
			);
			runOnlyForDeploymentPostprocessing = 0;
		};
/* End PBXFrameworksBuildPhase section */

/* Begin PBXGroup section */
		A172AB261D59ED1D00C187B9 /* Controllers */ = {
			isa = PBXGroup;
			children = (
				E5BD41ED1D533BE600A2AD8F /* ViewController.h */,
				E5BD41EE1D533BE600A2AD8F /* ViewController.m */,
				A172AB281D59F13C00C187B9 /* PlaceDetailsViewController.h */,
				A172AB291D59F13C00C187B9 /* PlaceDetailsViewController.m */,
				A172AB2B1D59FAA200C187B9 /* MapViewController.h */,
				A172AB2C1D59FAA200C187B9 /* MapViewController.m */,
				A16B2D961D9D625500407BF2 /* PlacePreviewController.m */,
				A16B2D951D9D625500407BF2 /* PlacePreviewController.h */,
			);
			name = Controllers;
			sourceTree = "<group>";
		};
		A172AB271D59ED2600C187B9 /* Models */ = {
			isa = PBXGroup;
			children = (
				A16CA1AD1D9BB74000F5DC7D /* Place.h */,
				A16CA1AE1D9BB74000F5DC7D /* Place.m */,
			);
			name = Models;
			sourceTree = "<group>";
		};
		AC328119F85A84A2CC779DC2 /* Frameworks */ = {
			isa = PBXGroup;
			children = (
				A1F63F9C1D9E93B700C6A5DD /* GoogleMaps.framework */,
				A1F63F941D9E77C600C6A5DD /* CoreGraphics.framework */,
				A1F63F921D9E77B400C6A5DD /* SystemConfiguration.framework */,
				A1F63F901D9E778E00C6A5DD /* GLKit.framework */,
				A1F63F8E1D9E777C00C6A5DD /* UIKit.framework */,
				A1F63F8C1D9E777400C6A5DD /* Accelerate.framework */,
				A1F63F651D9E69EA00C6A5DD /* CoreData.framework */,
				A1A6BC941D5A013D003E55C4 /* MapKit.framework */,
				A1A6BC921D5A0129003E55C4 /* CoreLocation.framework */,
				6C0C2E36AD8B129477647BC1 /* libPods-Tour Kenya.a */,
				53A0BF2BFDF507043036633C /* libPods-Tour KenyaTests.a */,
				CD6866D7FB7916F6CD824DFA /* libPods-Tour KenyaUITests.a */,
			);
			name = Frameworks;
			sourceTree = "<group>";
		};
		E3E8FC081A66789CC0BCEC43 /* Pods */ = {
			isa = PBXGroup;
			children = (
				23F0B4BA41470B7EB7510958 /* Pods-Tour Kenya.debug.xcconfig */,
				9C75FAF9C4D3B8EF9D2092CE /* Pods-Tour Kenya.release.xcconfig */,
				A91DD6B051482D866C71E9E2 /* Pods-Tour KenyaTests.debug.xcconfig */,
				76ACA0153E41E2774D4F5008 /* Pods-Tour KenyaTests.release.xcconfig */,
				8C709E8E766816A939AA323B /* Pods-Tour KenyaUITests.debug.xcconfig */,
				4C3107DD8663C9135ACE564D /* Pods-Tour KenyaUITests.release.xcconfig */,
			);
			name = Pods;
			sourceTree = "<group>";
		};
		E5BD41DB1D533BE600A2AD8F = {
			isa = PBXGroup;
			children = (
				E5BD41E61D533BE600A2AD8F /* Tour Kenya */,
				E5BD42031D533BE600A2AD8F /* Tour KenyaTests */,
				E5BD420E1D533BE600A2AD8F /* Tour KenyaUITests */,
				E5BD41E51D533BE600A2AD8F /* Products */,
				E3E8FC081A66789CC0BCEC43 /* Pods */,
				AC328119F85A84A2CC779DC2 /* Frameworks */,
			);
			sourceTree = "<group>";
		};
		E5BD41E51D533BE600A2AD8F /* Products */ = {
			isa = PBXGroup;
			children = (
				E5BD41E41D533BE600A2AD8F /* Tour Kenya.app */,
				E5BD42001D533BE600A2AD8F /* Tour KenyaTests.xctest */,
				E5BD420B1D533BE600A2AD8F /* Tour KenyaUITests.xctest */,
			);
			name = Products;
			sourceTree = "<group>";
		};
		E5BD41E61D533BE600A2AD8F /* Tour Kenya */ = {
			isa = PBXGroup;
			children = (
				A16CA1B01D9BDB4100F5DC7D /* default.jpg */,
				A172AB271D59ED2600C187B9 /* Models */,
				A172AB261D59ED1D00C187B9 /* Controllers */,
				E5BD41EA1D533BE600A2AD8F /* AppDelegate.h */,
				E5BD41EB1D533BE600A2AD8F /* AppDelegate.m */,
				A16B2D981D9D669C00407BF2 /* Main.storyboard */,
				E5BD41F61D533BE600A2AD8F /* Assets.xcassets */,
				E5BD41F81D533BE600A2AD8F /* LaunchScreen.storyboard */,
				E5BD41FB1D533BE600A2AD8F /* Info.plist */,
				E5BD41F31D533BE600A2AD8F /* Tour_Kenya.xcdatamodeld */,
				E5BD41E71D533BE600A2AD8F /* Supporting Files */,
			);
			path = "Tour Kenya";
			sourceTree = "<group>";
		};
		E5BD41E71D533BE600A2AD8F /* Supporting Files */ = {
			isa = PBXGroup;
			children = (
				E5BD41E81D533BE600A2AD8F /* main.m */,
			);
			name = "Supporting Files";
			sourceTree = "<group>";
		};
		E5BD42031D533BE600A2AD8F /* Tour KenyaTests */ = {
			isa = PBXGroup;
			children = (
				E5BD42041D533BE600A2AD8F /* Tour_KenyaTests.m */,
				E5BD42061D533BE600A2AD8F /* Info.plist */,
			);
			path = "Tour KenyaTests";
			sourceTree = "<group>";
		};
		E5BD420E1D533BE600A2AD8F /* Tour KenyaUITests */ = {
			isa = PBXGroup;
			children = (
				E5BD420F1D533BE600A2AD8F /* Tour_KenyaUITests.m */,
				E5BD42111D533BE600A2AD8F /* Info.plist */,
			);
			path = "Tour KenyaUITests";
			sourceTree = "<group>";
		};
/* End PBXGroup section */

/* Begin PBXNativeTarget section */
		E5BD41E31D533BE600A2AD8F /* Tour Kenya */ = {
			isa = PBXNativeTarget;
			buildConfigurationList = E5BD42141D533BE600A2AD8F /* Build configuration list for PBXNativeTarget "Tour Kenya" */;
			buildPhases = (
				2AF9F7F43A375576DAE80030 /* [CP] Check Pods Manifest.lock */,
				E5BD41E01D533BE600A2AD8F /* Sources */,
				E5BD41E11D533BE600A2AD8F /* Frameworks */,
				E5BD41E21D533BE600A2AD8F /* Resources */,
				E237542274B7B49C2E8BC6B6 /* [CP] Embed Pods Frameworks */,
				F68176C2AC8E8184739CD2FD /* [CP] Copy Pods Resources */,
			);
			buildRules = (
			);
			dependencies = (
			);
			name = "Tour Kenya";
			productName = "Tour Kenya";
			productReference = E5BD41E41D533BE600A2AD8F /* Tour Kenya.app */;
			productType = "com.apple.product-type.application";
		};
		E5BD41FF1D533BE600A2AD8F /* Tour KenyaTests */ = {
			isa = PBXNativeTarget;
			buildConfigurationList = E5BD42171D533BE600A2AD8F /* Build configuration list for PBXNativeTarget "Tour KenyaTests" */;
			buildPhases = (
				19E32F2E18C02507D8DDD124 /* [CP] Check Pods Manifest.lock */,
				E5BD41FC1D533BE600A2AD8F /* Sources */,
				E5BD41FD1D533BE600A2AD8F /* Frameworks */,
				E5BD41FE1D533BE600A2AD8F /* Resources */,
				29E9DAD3F2BAAB875AA057DE /* [CP] Embed Pods Frameworks */,
				8C04CCA1FE896BF05669E7A9 /* [CP] Copy Pods Resources */,
			);
			buildRules = (
			);
			dependencies = (
				E5BD42021D533BE600A2AD8F /* PBXTargetDependency */,
			);
			name = "Tour KenyaTests";
			productName = "Tour KenyaTests";
			productReference = E5BD42001D533BE600A2AD8F /* Tour KenyaTests.xctest */;
			productType = "com.apple.product-type.bundle.unit-test";
		};
		E5BD420A1D533BE600A2AD8F /* Tour KenyaUITests */ = {
			isa = PBXNativeTarget;
			buildConfigurationList = E5BD421A1D533BE600A2AD8F /* Build configuration list for PBXNativeTarget "Tour KenyaUITests" */;
			buildPhases = (
				A9469B95A69BBD7420DBE201 /* [CP] Check Pods Manifest.lock */,
				E5BD42071D533BE600A2AD8F /* Sources */,
				E5BD42081D533BE600A2AD8F /* Frameworks */,
				E5BD42091D533BE600A2AD8F /* Resources */,
				34E53A808B62206FCFEC1FE3 /* [CP] Copy Pods Resources */,
			);
			buildRules = (
			);
			dependencies = (
				E5BD420D1D533BE600A2AD8F /* PBXTargetDependency */,
			);
			name = "Tour KenyaUITests";
			productName = "Tour KenyaUITests";
			productReference = E5BD420B1D533BE600A2AD8F /* Tour KenyaUITests.xctest */;
			productType = "com.apple.product-type.bundle.ui-testing";
		};
/* End PBXNativeTarget section */

/* Begin PBXProject section */
		E5BD41DC1D533BE600A2AD8F /* Project object */ = {
			isa = PBXProject;
			attributes = {
				LastUpgradeCheck = 0730;
				ORGANIZATIONNAME = strathmore;
				TargetAttributes = {
					E5BD41E31D533BE600A2AD8F = {
						CreatedOnToolsVersion = 7.3.1;
					};
					E5BD41FF1D533BE600A2AD8F = {
						CreatedOnToolsVersion = 7.3.1;
						TestTargetID = E5BD41E31D533BE600A2AD8F;
					};
					E5BD420A1D533BE600A2AD8F = {
						CreatedOnToolsVersion = 7.3.1;
						TestTargetID = E5BD41E31D533BE600A2AD8F;
					};
				};
			};
			buildConfigurationList = E5BD41DF1D533BE600A2AD8F /* Build configuration list for PBXProject "Tour Kenya" */;
			compatibilityVersion = "Xcode 3.2";
			developmentRegion = English;
			hasScannedForEncodings = 0;
			knownRegions = (
				en,
				Base,
			);
			mainGroup = E5BD41DB1D533BE600A2AD8F;
			productRefGroup = E5BD41E51D533BE600A2AD8F /* Products */;
			projectDirPath = "";
			projectRoot = "";
			targets = (
				E5BD41E31D533BE600A2AD8F /* Tour Kenya */,
				E5BD41FF1D533BE600A2AD8F /* Tour KenyaTests */,
				E5BD420A1D533BE600A2AD8F /* Tour KenyaUITests */,
			);
		};
/* End PBXProject section */

/* Begin PBXResourcesBuildPhase section */
		E5BD41E21D533BE600A2AD8F /* Resources */ = {
			isa = PBXResourcesBuildPhase;
			buildActionMask = 2147483647;
			files = (
				E5BD41FA1D533BE600A2AD8F /* LaunchScreen.storyboard in Resources */,
				E5BD41F71D533BE600A2AD8F /* Assets.xcassets in Resources */,
				A16CA1B11D9BDB4100F5DC7D /* default.jpg in Resources */,
				A16B2D9A1D9D669D00407BF2 /* Main.storyboard in Resources */,
			);
			runOnlyForDeploymentPostprocessing = 0;
		};
		E5BD41FE1D533BE600A2AD8F /* Resources */ = {
			isa = PBXResourcesBuildPhase;
			buildActionMask = 2147483647;
			files = (
			);
			runOnlyForDeploymentPostprocessing = 0;
		};
		E5BD42091D533BE600A2AD8F /* Resources */ = {
			isa = PBXResourcesBuildPhase;
			buildActionMask = 2147483647;
			files = (
			);
			runOnlyForDeploymentPostprocessing = 0;
		};
/* End PBXResourcesBuildPhase section */

/* Begin PBXShellScriptBuildPhase section */
		19E32F2E18C02507D8DDD124 /* [CP] Check Pods Manifest.lock */ = {
			isa = PBXShellScriptBuildPhase;
			buildActionMask = 2147483647;
			files = (
			);
			inputPaths = (
			);
			name = "[CP] Check Pods Manifest.lock";
			outputPaths = (
			);
			runOnlyForDeploymentPostprocessing = 0;
			shellPath = /bin/sh;
			shellScript = "diff \"${PODS_ROOT}/../Podfile.lock\" \"${PODS_ROOT}/Manifest.lock\" > /dev/null\nif [[ $? != 0 ]] ; then\n    cat << EOM\nerror: The sandbox is not in sync with the Podfile.lock. Run 'pod install' or update your CocoaPods installation.\nEOM\n    exit 1\nfi\n";
			showEnvVarsInLog = 0;
		};
		29E9DAD3F2BAAB875AA057DE /* [CP] Embed Pods Frameworks */ = {
			isa = PBXShellScriptBuildPhase;
			buildActionMask = 2147483647;
			files = (
			);
			inputPaths = (
			);
			name = "[CP] Embed Pods Frameworks";
			outputPaths = (
			);
			runOnlyForDeploymentPostprocessing = 0;
			shellPath = /bin/sh;
			shellScript = "\"${SRCROOT}/Pods/Target Support Files/Pods-Tour KenyaTests/Pods-Tour KenyaTests-frameworks.sh\"\n";
			showEnvVarsInLog = 0;
		};
		2AF9F7F43A375576DAE80030 /* [CP] Check Pods Manifest.lock */ = {
			isa = PBXShellScriptBuildPhase;
			buildActionMask = 2147483647;
			files = (
			);
			inputPaths = (
			);
			name = "[CP] Check Pods Manifest.lock";
			outputPaths = (
			);
			runOnlyForDeploymentPostprocessing = 0;
			shellPath = /bin/sh;
			shellScript = "diff \"${PODS_ROOT}/../Podfile.lock\" \"${PODS_ROOT}/Manifest.lock\" > /dev/null\nif [[ $? != 0 ]] ; then\n    cat << EOM\nerror: The sandbox is not in sync with the Podfile.lock. Run 'pod install' or update your CocoaPods installation.\nEOM\n    exit 1\nfi\n";
			showEnvVarsInLog = 0;
		};
		34E53A808B62206FCFEC1FE3 /* [CP] Copy Pods Resources */ = {
			isa = PBXShellScriptBuildPhase;
			buildActionMask = 2147483647;
			files = (
			);
			inputPaths = (
			);
			name = "[CP] Copy Pods Resources";
			outputPaths = (
			);
			runOnlyForDeploymentPostprocessing = 0;
			shellPath = /bin/sh;
			shellScript = "\"${SRCROOT}/Pods/Target Support Files/Pods-Tour KenyaUITests/Pods-Tour KenyaUITests-resources.sh\"\n";
			showEnvVarsInLog = 0;
		};
		8C04CCA1FE896BF05669E7A9 /* [CP] Copy Pods Resources */ = {
			isa = PBXShellScriptBuildPhase;
			buildActionMask = 2147483647;
			files = (
			);
			inputPaths = (
			);
			name = "[CP] Copy Pods Resources";
			outputPaths = (
			);
			runOnlyForDeploymentPostprocessing = 0;
			shellPath = /bin/sh;
			shellScript = "\"${SRCROOT}/Pods/Target Support Files/Pods-Tour KenyaTests/Pods-Tour KenyaTests-resources.sh\"\n";
			showEnvVarsInLog = 0;
		};
		A9469B95A69BBD7420DBE201 /* [CP] Check Pods Manifest.lock */ = {
			isa = PBXShellScriptBuildPhase;
			buildActionMask = 2147483647;
			files = (
			);
			inputPaths = (
			);
			name = "[CP] Check Pods Manifest.lock";
			outputPaths = (
			);
			runOnlyForDeploymentPostprocessing = 0;
			shellPath = /bin/sh;
			shellScript = "diff \"${PODS_ROOT}/../Podfile.lock\" \"${PODS_ROOT}/Manifest.lock\" > /dev/null\nif [[ $? != 0 ]] ; then\n    cat << EOM\nerror: The sandbox is not in sync with the Podfile.lock. Run 'pod install' or update your CocoaPods installation.\nEOM\n    exit 1\nfi\n";
			showEnvVarsInLog = 0;
		};
		E237542274B7B49C2E8BC6B6 /* [CP] Embed Pods Frameworks */ = {
			isa = PBXShellScriptBuildPhase;
			buildActionMask = 2147483647;
			files = (
			);
			inputPaths = (
			);
			name = "[CP] Embed Pods Frameworks";
			outputPaths = (
			);
			runOnlyForDeploymentPostprocessing = 0;
			shellPath = /bin/sh;
			shellScript = "\"${SRCROOT}/Pods/Target Support Files/Pods-Tour Kenya/Pods-Tour Kenya-frameworks.sh\"\n";
			showEnvVarsInLog = 0;
		};
		F68176C2AC8E8184739CD2FD /* [CP] Copy Pods Resources */ = {
			isa = PBXShellScriptBuildPhase;
			buildActionMask = 2147483647;
			files = (
			);
			inputPaths = (
			);
			name = "[CP] Copy Pods Resources";
			outputPaths = (
			);
			runOnlyForDeploymentPostprocessing = 0;
			shellPath = /bin/sh;
			shellScript = "\"${SRCROOT}/Pods/Target Support Files/Pods-Tour Kenya/Pods-Tour Kenya-resources.sh\"\n";
			showEnvVarsInLog = 0;
		};
/* End PBXShellScriptBuildPhase section */

/* Begin PBXSourcesBuildPhase section */
		E5BD41E01D533BE600A2AD8F /* Sources */ = {
			isa = PBXSourcesBuildPhase;
			buildActionMask = 2147483647;
			files = (
				A172AB2A1D59F13C00C187B9 /* PlaceDetailsViewController.m in Sources */,
				E5BD41F51D533BE600A2AD8F /* Tour_Kenya.xcdatamodeld in Sources */,
				A16CA1AF1D9BB74000F5DC7D /* Place.m in Sources */,
				E5BD41EF1D533BE600A2AD8F /* ViewController.m in Sources */,
				A172AB2D1D59FAA200C187B9 /* MapViewController.m in Sources */,
				E5BD41EC1D533BE600A2AD8F /* AppDelegate.m in Sources */,
				A16B2D971D9D625500407BF2 /* PlacePreviewController.m in Sources */,
				E5BD41E91D533BE600A2AD8F /* main.m in Sources */,
			);
			runOnlyForDeploymentPostprocessing = 0;
		};
		E5BD41FC1D533BE600A2AD8F /* Sources */ = {
			isa = PBXSourcesBuildPhase;
			buildActionMask = 2147483647;
			files = (
				E5BD42051D533BE600A2AD8F /* Tour_KenyaTests.m in Sources */,
			);
			runOnlyForDeploymentPostprocessing = 0;
		};
		E5BD42071D533BE600A2AD8F /* Sources */ = {
			isa = PBXSourcesBuildPhase;
			buildActionMask = 2147483647;
			files = (
				E5BD42101D533BE600A2AD8F /* Tour_KenyaUITests.m in Sources */,
			);
			runOnlyForDeploymentPostprocessing = 0;
		};
/* End PBXSourcesBuildPhase section */

/* Begin PBXTargetDependency section */
		E5BD42021D533BE600A2AD8F /* PBXTargetDependency */ = {
			isa = PBXTargetDependency;
			target = E5BD41E31D533BE600A2AD8F /* Tour Kenya */;
			targetProxy = E5BD42011D533BE600A2AD8F /* PBXContainerItemProxy */;
		};
		E5BD420D1D533BE600A2AD8F /* PBXTargetDependency */ = {
			isa = PBXTargetDependency;
			target = E5BD41E31D533BE600A2AD8F /* Tour Kenya */;
			targetProxy = E5BD420C1D533BE600A2AD8F /* PBXContainerItemProxy */;
		};
/* End PBXTargetDependency section */

/* Begin PBXVariantGroup section */
		A16B2D981D9D669C00407BF2 /* Main.storyboard */ = {
			isa = PBXVariantGroup;
			children = (
				A16B2D991D9D669D00407BF2 /* Base */,
			);
			name = Main.storyboard;
			sourceTree = "<group>";
		};
		E5BD41F81D533BE600A2AD8F /* LaunchScreen.storyboard */ = {
			isa = PBXVariantGroup;
			children = (
				E5BD41F91D533BE600A2AD8F /* Base */,
			);
			name = LaunchScreen.storyboard;
			sourceTree = "<group>";
		};
/* End PBXVariantGroup section */

/* Begin XCBuildConfiguration section */
		E5BD42121D533BE600A2AD8F /* Debug */ = {
			isa = XCBuildConfiguration;
			buildSettings = {
				ALWAYS_SEARCH_USER_PATHS = NO;
				CLANG_ANALYZER_NONNULL = YES;
				CLANG_CXX_LANGUAGE_STANDARD = "gnu++0x";
				CLANG_CXX_LIBRARY = "libc++";
				CLANG_ENABLE_MODULES = YES;
				CLANG_ENABLE_OBJC_ARC = YES;
				CLANG_WARN_BOOL_CONVERSION = YES;
				CLANG_WARN_CONSTANT_CONVERSION = YES;
				CLANG_WARN_DIRECT_OBJC_ISA_USAGE = YES_ERROR;
				CLANG_WARN_EMPTY_BODY = YES;
				CLANG_WARN_ENUM_CONVERSION = YES;
				CLANG_WARN_INT_CONVERSION = YES;
				CLANG_WARN_OBJC_ROOT_CLASS = YES_ERROR;
				CLANG_WARN_UNREACHABLE_CODE = YES;
				CLANG_WARN__DUPLICATE_METHOD_MATCH = YES;
				"CODE_SIGN_IDENTITY[sdk=iphoneos*]" = "iPhone Developer";
				COPY_PHASE_STRIP = NO;
				DEBUG_INFORMATION_FORMAT = dwarf;
				ENABLE_STRICT_OBJC_MSGSEND = YES;
				ENABLE_TESTABILITY = YES;
				GCC_C_LANGUAGE_STANDARD = gnu99;
				GCC_DYNAMIC_NO_PIC = NO;
				GCC_NO_COMMON_BLOCKS = YES;
				GCC_OPTIMIZATION_LEVEL = 0;
				GCC_PREPROCESSOR_DEFINITIONS = (
					"DEBUG=1",
					"$(inherited)",
				);
				GCC_WARN_64_TO_32_BIT_CONVERSION = YES;
				GCC_WARN_ABOUT_RETURN_TYPE = YES_ERROR;
				GCC_WARN_UNDECLARED_SELECTOR = YES;
				GCC_WARN_UNINITIALIZED_AUTOS = YES_AGGRESSIVE;
				GCC_WARN_UNUSED_FUNCTION = YES;
				GCC_WARN_UNUSED_VARIABLE = YES;
				IPHONEOS_DEPLOYMENT_TARGET = 9.3;
				MTL_ENABLE_DEBUG_INFO = YES;
				ONLY_ACTIVE_ARCH = YES;
				SDKROOT = iphoneos;
			};
			name = Debug;
		};
		E5BD42131D533BE600A2AD8F /* Release */ = {
			isa = XCBuildConfiguration;
			buildSettings = {
				ALWAYS_SEARCH_USER_PATHS = NO;
				CLANG_ANALYZER_NONNULL = YES;
				CLANG_CXX_LANGUAGE_STANDARD = "gnu++0x";
				CLANG_CXX_LIBRARY = "libc++";
				CLANG_ENABLE_MODULES = YES;
				CLANG_ENABLE_OBJC_ARC = YES;
				CLANG_WARN_BOOL_CONVERSION = YES;
				CLANG_WARN_CONSTANT_CONVERSION = YES;
				CLANG_WARN_DIRECT_OBJC_ISA_USAGE = YES_ERROR;
				CLANG_WARN_EMPTY_BODY = YES;
				CLANG_WARN_ENUM_CONVERSION = YES;
				CLANG_WARN_INT_CONVERSION = YES;
				CLANG_WARN_OBJC_ROOT_CLASS = YES_ERROR;
				CLANG_WARN_UNREACHABLE_CODE = YES;
				CLANG_WARN__DUPLICATE_METHOD_MATCH = YES;
				"CODE_SIGN_IDENTITY[sdk=iphoneos*]" = "iPhone Developer";
				COPY_PHASE_STRIP = NO;
				DEBUG_INFORMATION_FORMAT = "dwarf-with-dsym";
				ENABLE_NS_ASSERTIONS = NO;
				ENABLE_STRICT_OBJC_MSGSEND = YES;
				GCC_C_LANGUAGE_STANDARD = gnu99;
				GCC_NO_COMMON_BLOCKS = YES;
				GCC_WARN_64_TO_32_BIT_CONVERSION = YES;
				GCC_WARN_ABOUT_RETURN_TYPE = YES_ERROR;
				GCC_WARN_UNDECLARED_SELECTOR = YES;
				GCC_WARN_UNINITIALIZED_AUTOS = YES_AGGRESSIVE;
				GCC_WARN_UNUSED_FUNCTION = YES;
				GCC_WARN_UNUSED_VARIABLE = YES;
				IPHONEOS_DEPLOYMENT_TARGET = 9.3;
				MTL_ENABLE_DEBUG_INFO = NO;
				SDKROOT = iphoneos;
				VALIDATE_PRODUCT = YES;
			};
			name = Release;
		};
		E5BD42151D533BE600A2AD8F /* Debug */ = {
			isa = XCBuildConfiguration;
			baseConfigurationReference = 23F0B4BA41470B7EB7510958 /* Pods-Tour Kenya.debug.xcconfig */;
			buildSettings = {
				ASSETCATALOG_COMPILER_APPICON_NAME = AppIcon;
				CLANG_ALLOW_NON_MODULAR_INCLUDES_IN_FRAMEWORK_MODULES = YES;
				COPY_HEADERS_RUN_UNIFDEF = NO;
				FRAMEWORK_SEARCH_PATHS = (
					"$(inherited)",
					"$(PROJECT_DIR)",
					"$(PROJECT_DIR)/Frameworks",
					"$(PROJECT_DIR)/Tour",
					Kenya/Subspecs/Maps/Frameworks,
					"$(PROJECT_DIR)/Tour",
					Kenya/Subspecs/M4B/Frameworks,
					"$(PROJECT_DIR)/Tour",
					Kenya/Subspecs/Base/Frameworks,
				);
				GCC_VERSION = "";
				INFOPLIST_FILE = "Tour Kenya/Info.plist";
				IPHONEOS_DEPLOYMENT_TARGET = 6.0;
				LD_RUNPATH_SEARCH_PATHS = "$(inherited) @executable_path/Frameworks";
				PRODUCT_BUNDLE_IDENTIFIER = "edu.strathmore.091573.Tour-Kenya";
				PRODUCT_NAME = "$(TARGET_NAME)";
			};
			name = Debug;
		};
		E5BD42161D533BE600A2AD8F /* Release */ = {
			isa = XCBuildConfiguration;
			baseConfigurationReference = 9C75FAF9C4D3B8EF9D2092CE /* Pods-Tour Kenya.release.xcconfig */;
			buildSettings = {
				ASSETCATALOG_COMPILER_APPICON_NAME = AppIcon;
				CLANG_ALLOW_NON_MODULAR_INCLUDES_IN_FRAMEWORK_MODULES = YES;
				COPY_HEADERS_RUN_UNIFDEF = NO;
				FRAMEWORK_SEARCH_PATHS = (
					"$(inherited)",
					"$(PROJECT_DIR)",
					"$(PROJECT_DIR)/Frameworks",
					"$(PROJECT_DIR)/Tour",
					Kenya/Subspecs/Maps/Frameworks,
					"$(PROJECT_DIR)/Tour",
					Kenya/Subspecs/M4B/Frameworks,
					"$(PROJECT_DIR)/Tour",
					Kenya/Subspecs/Base/Frameworks,
				);
				INFOPLIST_FILE = "Tour Kenya/Info.plist";
				IPHONEOS_DEPLOYMENT_TARGET = 6.0;
				LD_RUNPATH_SEARCH_PATHS = "$(inherited) @executable_path/Frameworks";
				PRODUCT_BUNDLE_IDENTIFIER = "edu.strathmore.091573.Tour-Kenya";
				PRODUCT_NAME = "$(TARGET_NAME)";
			};
			name = Release;
		};
		E5BD42181D533BE600A2AD8F /* Debug */ = {
			isa = XCBuildConfiguration;
			baseConfigurationReference = A91DD6B051482D866C71E9E2 /* Pods-Tour KenyaTests.debug.xcconfig */;
			buildSettings = {
				BUNDLE_LOADER = "$(TEST_HOST)";
				INFOPLIST_FILE = "Tour KenyaTests/Info.plist";
				LD_RUNPATH_SEARCH_PATHS = "$(inherited) @executable_path/Frameworks @loader_path/Frameworks";
				PRODUCT_BUNDLE_IDENTIFIER = "edu.strathmore.091573.Tour-KenyaTests";
				PRODUCT_NAME = "$(TARGET_NAME)";
				TEST_HOST = "$(BUILT_PRODUCTS_DIR)/Tour Kenya.app/Tour Kenya";
			};
			name = Debug;
		};
		E5BD42191D533BE600A2AD8F /* Release */ = {
			isa = XCBuildConfiguration;
			baseConfigurationReference = 76ACA0153E41E2774D4F5008 /* Pods-Tour KenyaTests.release.xcconfig */;
			buildSettings = {
				BUNDLE_LOADER = "$(TEST_HOST)";
				INFOPLIST_FILE = "Tour KenyaTests/Info.plist";
				LD_RUNPATH_SEARCH_PATHS = "$(inherited) @executable_path/Frameworks @loader_path/Frameworks";
				PRODUCT_BUNDLE_IDENTIFIER = "edu.strathmore.091573.Tour-KenyaTests";
				PRODUCT_NAME = "$(TARGET_NAME)";
				TEST_HOST = "$(BUILT_PRODUCTS_DIR)/Tour Kenya.app/Tour Kenya";
			};
			name = Release;
		};
		E5BD421B1D533BE600A2AD8F /* Debug */ = {
			isa = XCBuildConfiguration;
			baseConfigurationReference = 8C709E8E766816A939AA323B /* Pods-Tour KenyaUITests.debug.xcconfig */;
			buildSettings = {
				INFOPLIST_FILE = "Tour KenyaUITests/Info.plist";
				LD_RUNPATH_SEARCH_PATHS = "$(inherited) @executable_path/Frameworks @loader_path/Frameworks";
				PRODUCT_BUNDLE_IDENTIFIER = "edu.strathmore.091573.Tour-KenyaUITests";
				PRODUCT_NAME = "$(TARGET_NAME)";
				TEST_TARGET_NAME = "Tour Kenya";
			};
			name = Debug;
		};
		E5BD421C1D533BE600A2AD8F /* Release */ = {
			isa = XCBuildConfiguration;
			baseConfigurationReference = 4C3107DD8663C9135ACE564D /* Pods-Tour KenyaUITests.release.xcconfig */;
			buildSettings = {
				INFOPLIST_FILE = "Tour KenyaUITests/Info.plist";
				LD_RUNPATH_SEARCH_PATHS = "$(inherited) @executable_path/Frameworks @loader_path/Frameworks";
				PRODUCT_BUNDLE_IDENTIFIER = "edu.strathmore.091573.Tour-KenyaUITests";
				PRODUCT_NAME = "$(TARGET_NAME)";
				TEST_TARGET_NAME = "Tour Kenya";
			};
			name = Release;
		};
/* End XCBuildConfiguration section */

/* Begin XCConfigurationList section */
		E5BD41DF1D533BE600A2AD8F /* Build configuration list for PBXProject "Tour Kenya" */ = {
			isa = XCConfigurationList;
			buildConfigurations = (
				E5BD42121D533BE600A2AD8F /* Debug */,
				E5BD42131D533BE600A2AD8F /* Release */,
			);
			defaultConfigurationIsVisible = 0;
			defaultConfigurationName = Release;
		};
		E5BD42141D533BE600A2AD8F /* Build configuration list for PBXNativeTarget "Tour Kenya" */ = {
			isa = XCConfigurationList;
			buildConfigurations = (
				E5BD42151D533BE600A2AD8F /* Debug */,
				E5BD42161D533BE600A2AD8F /* Release */,
			);
			defaultConfigurationIsVisible = 0;
			defaultConfigurationName = Release;
		};
		E5BD42171D533BE600A2AD8F /* Build configuration list for PBXNativeTarget "Tour KenyaTests" */ = {
			isa = XCConfigurationList;
			buildConfigurations = (
				E5BD42181D533BE600A2AD8F /* Debug */,
				E5BD42191D533BE600A2AD8F /* Release */,
			);
			defaultConfigurationIsVisible = 0;
			defaultConfigurationName = Release;
		};
		E5BD421A1D533BE600A2AD8F /* Build configuration list for PBXNativeTarget "Tour KenyaUITests" */ = {
			isa = XCConfigurationList;
			buildConfigurations = (
				E5BD421B1D533BE600A2AD8F /* Debug */,
				E5BD421C1D533BE600A2AD8F /* Release */,
			);
			defaultConfigurationIsVisible = 0;
			defaultConfigurationName = Release;
		};
/* End XCConfigurationList section */

/* Begin XCVersionGroup section */
		E5BD41F31D533BE600A2AD8F /* Tour_Kenya.xcdatamodeld */ = {
			isa = XCVersionGroup;
			children = (
				E5BD41F41D533BE600A2AD8F /* Tour_Kenya.xcdatamodel */,
			);
			currentVersion = E5BD41F41D533BE600A2AD8F /* Tour_Kenya.xcdatamodel */;
			path = Tour_Kenya.xcdatamodeld;
			sourceTree = "<group>";
			versionGroupType = wrapper.xcdatamodel;
		};
/* End XCVersionGroup section */
	};
	rootObject = E5BD41DC1D533BE600A2AD8F /* Project object */;
}
