// !$*UTF8*$!
{
	archiveVersion = 1;
	classes = {
	};
	objectVersion = 46;
	objects = {

/* Begin PBXBuildFile section */
		E5BD41E91D533BE600A2AD8F /* main.m in Sources */ = {isa = PBXBuildFile; fileRef = E5BD41E81D533BE600A2AD8F /* main.m */; };
		E5BD41EC1D533BE600A2AD8F /* AppDelegate.m in Sources */ = {isa = PBXBuildFile; fileRef = E5BD41EB1D533BE600A2AD8F /* AppDelegate.m */; };
		E5BD41EF1D533BE600A2AD8F /* ViewController.m in Sources */ = {isa = PBXBuildFile; fileRef = E5BD41EE1D533BE600A2AD8F /* ViewController.m */; };
		E5BD41F21D533BE600A2AD8F /* Main.storyboard in Resources */ = {isa = PBXBuildFile; fileRef = E5BD41F01D533BE600A2AD8F /* Main.storyboard */; };
		E5BD41F51D533BE600A2AD8F /* Tour_Kenya.xcdatamodeld in Sources */ = {isa = PBXBuildFile; fileRef = E5BD41F31D533BE600A2AD8F /* Tour_Kenya.xcdatamodeld */; };
		E5BD41F71D533BE600A2AD8F /* Assets.xcassets in Resources */ = {isa = PBXBuildFile; fileRef = E5BD41F61D533BE600A2AD8F /* Assets.xcassets */; };
		E5BD41FA1D533BE600A2AD8F /* LaunchScreen.storyboard in Resources */ = {isa = PBXBuildFile; fileRef = E5BD41F81D533BE600A2AD8F /* LaunchScreen.storyboard */; };
		E5BD42051D533BE600A2AD8F /* Tour_KenyaTests.m in Sources */ = {isa = PBXBuildFile; fileRef = E5BD42041D533BE600A2AD8F /* Tour_KenyaTests.m */; };
		E5BD42101D533BE600A2AD8F /* Tour_KenyaUITests.m in Sources */ = {isa = PBXBuildFile; fileRef = E5BD420F1D533BE600A2AD8F /* Tour_KenyaUITests.m */; };
/* End PBXBuildFile section */

/* Begin PBXContainerItemProxy section */
		E5BD42011D533BE600A2AD8F /* PBXContainerItemProxy */ = {
			isa = PBXContainerItemProxy;
			containerPortal = E5BD41DC1D533BE600A2AD8F /* Project object */;
			proxyType = 1;
			remoteGlobalIDString = E5BD41E31D533BE600A2AD8F;
			remoteInfo = "Tour Kenya";
		};
		E5BD420C1D533BE600A2AD8F /* PBXContainerItemProxy */ = {
			isa = PBXContainerItemProxy;
			containerPortal = E5BD41DC1D533BE600A2AD8F /* Project object */;
			proxyType = 1;
			remoteGlobalIDString = E5BD41E31D533BE600A2AD8F;
			remoteInfo = "Tour Kenya";
		};
/* End PBXContainerItemProxy section */

/* Begin PBXFileReference section */
		E5BD41E41D533BE600A2AD8F /* Tour Kenya.app */ = {isa = PBXFileReference; explicitFileType = wrapper.application; includeInIndex = 0; path = "Tour Kenya.app"; sourceTree = BUILT_PRODUCTS_DIR; };
		E5BD41E81D533BE600A2AD8F /* main.m */ = {isa = PBXFileReference; lastKnownFileType = sourcecode.c.objc; path = main.m; sourceTree = "<group>"; };
		E5BD41EA1D533BE600A2AD8F /* AppDelegate.h */ = {isa = PBXFileReference; lastKnownFileType = sourcecode.c.h; path = AppDelegate.h; sourceTree = "<group>"; };
		E5BD41EB1D533BE600A2AD8F /* AppDelegate.m */ = {isa = PBXFileReference; lastKnownFileType = sourcecode.c.objc; path = AppDelegate.m; sourceTree = "<group>"; };
		E5BD41ED1D533BE600A2AD8F /* ViewController.h */ = {isa = PBXFileReference; lastKnownFileType = sourcecode.c.h; path = ViewController.h; sourceTree = "<group>"; };
		E5BD41EE1D533BE600A2AD8F /* ViewController.m */ = {isa = PBXFileReference; lastKnownFileType = sourcecode.c.objc; path = ViewController.m; sourceTree = "<group>"; };
		E5BD41F11D533BE600A2AD8F /* Base */ = {isa = PBXFileReference; lastKnownFileType = file.storyboard; name = Base; path = Base.lproj/Main.storyboard; sourceTree = "<group>"; };
		E5BD41F41D533BE600A2AD8F /* Tour_Kenya.xcdatamodel */ = {isa = PBXFileReference; lastKnownFileType = wrapper.xcdatamodel; path = Tour_Kenya.xcdatamodel; sourceTree = "<group>"; };
		E5BD41F61D533BE600A2AD8F /* Assets.xcassets */ = {isa = PBXFileReference; lastKnownFileType = folder.assetcatalog; path = Assets.xcassets; sourceTree = "<group>"; };
		E5BD41F91D533BE600A2AD8F /* Base */ = {isa = PBXFileReference; lastKnownFileType = file.storyboard; name = Base; path = Base.lproj/LaunchScreen.storyboard; sourceTree = "<group>"; };
		E5BD41FB1D533BE600A2AD8F /* Info.plist */ = {isa = PBXFileReference; lastKnownFileType = text.plist.xml; path = Info.plist; sourceTree = "<group>"; };
		E5BD42001D533BE600A2AD8F /* Tour KenyaTests.xctest */ = {isa = PBXFileReference; explicitFileType = wrapper.cfbundle; includeInIndex = 0; path = "Tour KenyaTests.xctest"; sourceTree = BUILT_PRODUCTS_DIR; };
		E5BD42041D533BE600A2AD8F /* Tour_KenyaTests.m */ = {isa = PBXFileReference; lastKnownFileType = sourcecode.c.objc; path = Tour_KenyaTests.m; sourceTree = "<group>"; };
		E5BD42061D533BE600A2AD8F /* Info.plist */ = {isa = PBXFileReference; lastKnownFileType = text.plist.xml; path = Info.plist; sourceTree = "<group>"; };
		E5BD420B1D533BE600A2AD8F /* Tour KenyaUITests.xctest */ = {isa = PBXFileReference; explicitFileType = wrapper.cfbundle; includeInIndex = 0; path = "Tour KenyaUITests.xctest"; sourceTree = BUILT_PRODUCTS_DIR; };
		E5BD420F1D533BE600A2AD8F /* Tour_KenyaUITests.m */ = {isa = PBXFileReference; lastKnownFileType = sourcecode.c.objc; path = Tour_KenyaUITests.m; sourceTree = "<group>"; };
		E5BD42111D533BE600A2AD8F /* Info.plist */ = {isa = PBXFileReference; lastKnownFileType = text.plist.xml; path = Info.plist; sourceTree = "<group>"; };
/* End PBXFileReference section */

/* Begin PBXFrameworksBuildPhase section */
		E5BD41E11D533BE600A2AD8F /* Frameworks */ = {
			isa = PBXFrameworksBuildPhase;
			buildActionMask = 2147483647;
			files = (
			);
			runOnlyForDeploymentPostprocessing = 0;
		};
		E5BD41FD1D533BE600A2AD8F /* Frameworks */ = {
			isa = PBXFrameworksBuildPhase;
			buildActionMask = 2147483647;
			files = (
			);
			runOnlyForDeploymentPostprocessing = 0;
		};
		E5BD42081D533BE600A2AD8F /* Frameworks */ = {
			isa = PBXFrameworksBuildPhase;
			buildActionMask = 2147483647;
			files = (
			);
			runOnlyForDeploymentPostprocessing = 0;
		};
/* End PBXFrameworksBuildPhase section */

/* Begin PBXGroup section */
		E5BD41DB1D533BE600A2AD8F = {
			isa = PBXGroup;
			children = (
				E5BD41E61D533BE600A2AD8F /* Tour Kenya */,
				E5BD42031D533BE600A2AD8F /* Tour KenyaTests */,
				E5BD420E1D533BE600A2AD8F /* Tour KenyaUITests */,
				E5BD41E51D533BE600A2AD8F /* Products */,
			);
			sourceTree = "<group>";
		};
		E5BD41E51D533BE600A2AD8F /* Products */ = {
			isa = PBXGroup;
			children = (
				E5BD41E41D533BE600A2AD8F /* Tour Kenya.app */,
				E5BD42001D533BE600A2AD8F /* Tour KenyaTests.xctest */,
				E5BD420B1D533BE600A2AD8F /* Tour KenyaUITests.xctest */,
			);
			name = Products;
			sourceTree = "<group>";
		};
		E5BD41E61D533BE600A2AD8F /* Tour Kenya */ = {
			isa = PBXGroup;
			children = (
				E5BD41EA1D533BE600A2AD8F /* AppDelegate.h */,
				E5BD41EB1D533BE600A2AD8F /* AppDelegate.m */,
				E5BD41ED1D533BE600A2AD8F /* ViewController.h */,
				E5BD41EE1D533BE600A2AD8F /* ViewController.m */,
				E5BD41F01D533BE600A2AD8F /* Main.storyboard */,
				E5BD41F61D533BE600A2AD8F /* Assets.xcassets */,
				E5BD41F81D533BE600A2AD8F /* LaunchScreen.storyboard */,
				E5BD41FB1D533BE600A2AD8F /* Info.plist */,
				E5BD41F31D533BE600A2AD8F /* Tour_Kenya.xcdatamodeld */,
				E5BD41E71D533BE600A2AD8F /* Supporting Files */,
			);
			path = "Tour Kenya";
			sourceTree = "<group>";
		};
		E5BD41E71D533BE600A2AD8F /* Supporting Files */ = {
			isa = PBXGroup;
			children = (
				E5BD41E81D533BE600A2AD8F /* main.m */,
			);
			name = "Supporting Files";
			sourceTree = "<group>";
		};
		E5BD42031D533BE600A2AD8F /* Tour KenyaTests */ = {
			isa = PBXGroup;
			children = (
				E5BD42041D533BE600A2AD8F /* Tour_KenyaTests.m */,
				E5BD42061D533BE600A2AD8F /* Info.plist */,
			);
			path = "Tour KenyaTests";
			sourceTree = "<group>";
		};
		E5BD420E1D533BE600A2AD8F /* Tour KenyaUITests */ = {
			isa = PBXGroup;
			children = (
				E5BD420F1D533BE600A2AD8F /* Tour_KenyaUITests.m */,
				E5BD42111D533BE600A2AD8F /* Info.plist */,
			);
			path = "Tour KenyaUITests";
			sourceTree = "<group>";
		};
/* End PBXGroup section */

/* Begin PBXNativeTarget section */
		E5BD41E31D533BE600A2AD8F /* Tour Kenya */ = {
			isa = PBXNativeTarget;
			buildConfigurationList = E5BD42141D533BE600A2AD8F /* Build configuration list for PBXNativeTarget "Tour Kenya" */;
			buildPhases = (
				E5BD41E01D533BE600A2AD8F /* Sources */,
				E5BD41E11D533BE600A2AD8F /* Frameworks */,
				E5BD41E21D533BE600A2AD8F /* Resources */,
			);
			buildRules = (
			);
			dependencies = (
			);
			name = "Tour Kenya";
			productName = "Tour Kenya";
			productReference = E5BD41E41D533BE600A2AD8F /* Tour Kenya.app */;
			productType = "com.apple.product-type.application";
		};
		E5BD41FF1D533BE600A2AD8F /* Tour KenyaTests */ = {
			isa = PBXNativeTarget;
			buildConfigurationList = E5BD42171D533BE600A2AD8F /* Build configuration list for PBXNativeTarget "Tour KenyaTests" */;
			buildPhases = (
				E5BD41FC1D533BE600A2AD8F /* Sources */,
				E5BD41FD1D533BE600A2AD8F /* Frameworks */,
				E5BD41FE1D533BE600A2AD8F /* Resources */,
			);
			buildRules = (
			);
			dependencies = (
				E5BD42021D533BE600A2AD8F /* PBXTargetDependency */,
			);
			name = "Tour KenyaTests";
			productName = "Tour KenyaTests";
			productReference = E5BD42001D533BE600A2AD8F /* Tour KenyaTests.xctest */;
			productType = "com.apple.product-type.bundle.unit-test";
		};
		E5BD420A1D533BE600A2AD8F /* Tour KenyaUITests */ = {
			isa = PBXNativeTarget;
			buildConfigurationList = E5BD421A1D533BE600A2AD8F /* Build configuration list for PBXNativeTarget "Tour KenyaUITests" */;
			buildPhases = (
				E5BD42071D533BE600A2AD8F /* Sources */,
				E5BD42081D533BE600A2AD8F /* Frameworks */,
				E5BD42091D533BE600A2AD8F /* Resources */,
			);
			buildRules = (
			);
			dependencies = (
				E5BD420D1D533BE600A2AD8F /* PBXTargetDependency */,
			);
			name = "Tour KenyaUITests";
			productName = "Tour KenyaUITests";
			productReference = E5BD420B1D533BE600A2AD8F /* Tour KenyaUITests.xctest */;
			productType = "com.apple.product-type.bundle.ui-testing";
		};
/* End PBXNativeTarget section */

/* Begin PBXProject section */
		E5BD41DC1D533BE600A2AD8F /* Project object */ = {
			isa = PBXProject;
			attributes = {
				LastUpgradeCheck = 0730;
				ORGANIZATIONNAME = strathmore;
				TargetAttributes = {
					E5BD41E31D533BE600A2AD8F = {
						CreatedOnToolsVersion = 7.3.1;
					};
					E5BD41FF1D533BE600A2AD8F = {
						CreatedOnToolsVersion = 7.3.1;
						TestTargetID = E5BD41E31D533BE600A2AD8F;
					};
					E5BD420A1D533BE600A2AD8F = {
						CreatedOnToolsVersion = 7.3.1;
						TestTargetID = E5BD41E31D533BE600A2AD8F;
					};
				};
			};
			buildConfigurationList = E5BD41DF1D533BE600A2AD8F /* Build configuration list for PBXProject "Tour Kenya" */;
			compatibilityVersion = "Xcode 3.2";
			developmentRegion = English;
			hasScannedForEncodings = 0;
			knownRegions = (
				en,
				Base,
			);
			mainGroup = E5BD41DB1D533BE600A2AD8F;
			productRefGroup = E5BD41E51D533BE600A2AD8F /* Products */;
			projectDirPath = "";
			projectRoot = "";
			targets = (
				E5BD41E31D533BE600A2AD8F /* Tour Kenya */,
				E5BD41FF1D533BE600A2AD8F /* Tour KenyaTests */,
				E5BD420A1D533BE600A2AD8F /* Tour KenyaUITests */,
			);
		};
/* End PBXProject section */

/* Begin PBXResourcesBuildPhase section */
		E5BD41E21D533BE600A2AD8F /* Resources */ = {
			isa = PBXResourcesBuildPhase;
			buildActionMask = 2147483647;
			files = (
				E5BD41FA1D533BE600A2AD8F /* LaunchScreen.storyboard in Resources */,
				E5BD41F71D533BE600A2AD8F /* Assets.xcassets in Resources */,
				E5BD41F21D533BE600A2AD8F /* Main.storyboard in Resources */,
			);
			runOnlyForDeploymentPostprocessing = 0;
		};
		E5BD41FE1D533BE600A2AD8F /* Resources */ = {
			isa = PBXResourcesBuildPhase;
			buildActionMask = 2147483647;
			files = (
			);
			runOnlyForDeploymentPostprocessing = 0;
		};
		E5BD42091D533BE600A2AD8F /* Resources */ = {
			isa = PBXResourcesBuildPhase;
			buildActionMask = 2147483647;
			files = (
			);
			runOnlyForDeploymentPostprocessing = 0;
		};
/* End PBXResourcesBuildPhase section */

/* Begin PBXSourcesBuildPhase section */
		E5BD41E01D533BE600A2AD8F /* Sources */ = {
			isa = PBXSourcesBuildPhase;
			buildActionMask = 2147483647;
			files = (
				E5BD41F51D533BE600A2AD8F /* Tour_Kenya.xcdatamodeld in Sources */,
				E5BD41EF1D533BE600A2AD8F /* ViewController.m in Sources */,
				E5BD41EC1D533BE600A2AD8F /* AppDelegate.m in Sources */,
				E5BD41E91D533BE600A2AD8F /* main.m in Sources */,
			);
			runOnlyForDeploymentPostprocessing = 0;
		};
		E5BD41FC1D533BE600A2AD8F /* Sources */ = {
			isa = PBXSourcesBuildPhase;
			buildActionMask = 2147483647;
			files = (
				E5BD42051D533BE600A2AD8F /* Tour_KenyaTests.m in Sources */,
			);
			runOnlyForDeploymentPostprocessing = 0;
		};
		E5BD42071D533BE600A2AD8F /* Sources */ = {
			isa = PBXSourcesBuildPhase;
			buildActionMask = 2147483647;
			files = (
				E5BD42101D533BE600A2AD8F /* Tour_KenyaUITests.m in Sources */,
			);
			runOnlyForDeploymentPostprocessing = 0;
		};
/* End PBXSourcesBuildPhase section */

/* Begin PBXTargetDependency section */
		E5BD42021D533BE600A2AD8F /* PBXTargetDependency */ = {
			isa = PBXTargetDependency;
			target = E5BD41E31D533BE600A2AD8F /* Tour Kenya */;
			targetProxy = E5BD42011D533BE600A2AD8F /* PBXContainerItemProxy */;
		};
		E5BD420D1D533BE600A2AD8F /* PBXTargetDependency */ = {
			isa = PBXTargetDependency;
			target = E5BD41E31D533BE600A2AD8F /* Tour Kenya */;
			targetProxy = E5BD420C1D533BE600A2AD8F /* PBXContainerItemProxy */;
		};
/* End PBXTargetDependency section */

/* Begin PBXVariantGroup section */
		E5BD41F01D533BE600A2AD8F /* Main.storyboard */ = {
			isa = PBXVariantGroup;
			children = (
				E5BD41F11D533BE600A2AD8F /* Base */,
			);
			name = Main.storyboard;
			sourceTree = "<group>";
		};
		E5BD41F81D533BE600A2AD8F /* LaunchScreen.storyboard */ = {
			isa = PBXVariantGroup;
			children = (
				E5BD41F91D533BE600A2AD8F /* Base */,
			);
			name = LaunchScreen.storyboard;
			sourceTree = "<group>";
		};
/* End PBXVariantGroup section */

/* Begin XCBuildConfiguration section */
		E5BD42121D533BE600A2AD8F /* Debug */ = {
			isa = XCBuildConfiguration;
			buildSettings = {
				ALWAYS_SEARCH_USER_PATHS = NO;
				CLANG_ANALYZER_NONNULL = YES;
				CLANG_CXX_LANGUAGE_STANDARD = "gnu++0x";
				CLANG_CXX_LIBRARY = "libc++";
				CLANG_ENABLE_MODULES = YES;
				CLANG_ENABLE_OBJC_ARC = YES;
				CLANG_WARN_BOOL_CONVERSION = YES;
				CLANG_WARN_CONSTANT_CONVERSION = YES;
				CLANG_WARN_DIRECT_OBJC_ISA_USAGE = YES_ERROR;
				CLANG_WARN_EMPTY_BODY = YES;
				CLANG_WARN_ENUM_CONVERSION = YES;
				CLANG_WARN_INT_CONVERSION = YES;
				CLANG_WARN_OBJC_ROOT_CLASS = YES_ERROR;
				CLANG_WARN_UNREACHABLE_CODE = YES;
				CLANG_WARN__DUPLICATE_METHOD_MATCH = YES;
				"CODE_SIGN_IDENTITY[sdk=iphoneos*]" = "iPhone Developer";
				COPY_PHASE_STRIP = NO;
				DEBUG_INFORMATION_FORMAT = dwarf;
				ENABLE_STRICT_OBJC_MSGSEND = YES;
				ENABLE_TESTABILITY = YES;
				GCC_C_LANGUAGE_STANDARD = gnu99;
				GCC_DYNAMIC_NO_PIC = NO;
				GCC_NO_COMMON_BLOCKS = YES;
				GCC_OPTIMIZATION_LEVEL = 0;
				GCC_PREPROCESSOR_DEFINITIONS = (
					"DEBUG=1",
					"$(inherited)",
				);
				GCC_WARN_64_TO_32_BIT_CONVERSION = YES;
				GCC_WARN_ABOUT_RETURN_TYPE = YES_ERROR;
				GCC_WARN_UNDECLARED_SELECTOR = YES;
				GCC_WARN_UNINITIALIZED_AUTOS = YES_AGGRESSIVE;
				GCC_WARN_UNUSED_FUNCTION = YES;
				GCC_WARN_UNUSED_VARIABLE = YES;
				IPHONEOS_DEPLOYMENT_TARGET = 9.3;
				MTL_ENABLE_DEBUG_INFO = YES;
				ONLY_ACTIVE_ARCH = YES;
				SDKROOT = iphoneos;
			};
			name = Debug;
		};
		E5BD42131D533BE600A2AD8F /* Release */ = {
			isa = XCBuildConfiguration;
			buildSettings = {
				ALWAYS_SEARCH_USER_PATHS = NO;
				CLANG_ANALYZER_NONNULL = YES;
				CLANG_CXX_LANGUAGE_STANDARD = "gnu++0x";
				CLANG_CXX_LIBRARY = "libc++";
				CLANG_ENABLE_MODULES = YES;
				CLANG_ENABLE_OBJC_ARC = YES;
				CLANG_WARN_BOOL_CONVERSION = YES;
				CLANG_WARN_CONSTANT_CONVERSION = YES;
				CLANG_WARN_DIRECT_OBJC_ISA_USAGE = YES_ERROR;
				CLANG_WARN_EMPTY_BODY = YES;
				CLANG_WARN_ENUM_CONVERSION = YES;
				CLANG_WARN_INT_CONVERSION = YES;
				CLANG_WARN_OBJC_ROOT_CLASS = YES_ERROR;
				CLANG_WARN_UNREACHABLE_CODE = YES;
				CLANG_WARN__DUPLICATE_METHOD_MATCH = YES;
				"CODE_SIGN_IDENTITY[sdk=iphoneos*]" = "iPhone Developer";
				COPY_PHASE_STRIP = NO;
				DEBUG_INFORMATION_FORMAT = "dwarf-with-dsym";
				ENABLE_NS_ASSERTIONS = NO;
				ENABLE_STRICT_OBJC_MSGSEND = YES;
				GCC_C_LANGUAGE_STANDARD = gnu99;
				GCC_NO_COMMON_BLOCKS = YES;
				GCC_WARN_64_TO_32_BIT_CONVERSION = YES;
				GCC_WARN_ABOUT_RETURN_TYPE = YES_ERROR;
				GCC_WARN_UNDECLARED_SELECTOR = YES;
				GCC_WARN_UNINITIALIZED_AUTOS = YES_AGGRESSIVE;
				GCC_WARN_UNUSED_FUNCTION = YES;
				GCC_WARN_UNUSED_VARIABLE = YES;
				IPHONEOS_DEPLOYMENT_TARGET = 9.3;
				MTL_ENABLE_DEBUG_INFO = NO;
				SDKROOT = iphoneos;
				VALIDATE_PRODUCT = YES;
			};
			name = Release;
		};
		E5BD42151D533BE600A2AD8F /* Debug */ = {
			isa = XCBuildConfiguration;
			buildSettings = {
				ASSETCATALOG_COMPILER_APPICON_NAME = AppIcon;
				INFOPLIST_FILE = "Tour Kenya/Info.plist";
				IPHONEOS_DEPLOYMENT_TARGET = 6.0;
				LD_RUNPATH_SEARCH_PATHS = "$(inherited) @executable_path/Frameworks";
				PRODUCT_BUNDLE_IDENTIFIER = "edu.strathmore.091573.Tour-Kenya";
				PRODUCT_NAME = "$(TARGET_NAME)";
			};
			name = Debug;
		};
		E5BD42161D533BE600A2AD8F /* Release */ = {
			isa = XCBuildConfiguration;
			buildSettings = {
				ASSETCATALOG_COMPILER_APPICON_NAME = AppIcon;
				INFOPLIST_FILE = "Tour Kenya/Info.plist";
				IPHONEOS_DEPLOYMENT_TARGET = 6.0;
				LD_RUNPATH_SEARCH_PATHS = "$(inherited) @executable_path/Frameworks";
				PRODUCT_BUNDLE_IDENTIFIER = "edu.strathmore.091573.Tour-Kenya";
				PRODUCT_NAME = "$(TARGET_NAME)";
			};
			name = Release;
		};
		E5BD42181D533BE600A2AD8F /* Debug */ = {
			isa = XCBuildConfiguration;
			buildSettings = {
				BUNDLE_LOADER = "$(TEST_HOST)";
				INFOPLIST_FILE = "Tour KenyaTests/Info.plist";
				LD_RUNPATH_SEARCH_PATHS = "$(inherited) @executable_path/Frameworks @loader_path/Frameworks";
				PRODUCT_BUNDLE_IDENTIFIER = "edu.strathmore.091573.Tour-KenyaTests";
				PRODUCT_NAME = "$(TARGET_NAME)";
				TEST_HOST = "$(BUILT_PRODUCTS_DIR)/Tour Kenya.app/Tour Kenya";
			};
			name = Debug;
		};
		E5BD42191D533BE600A2AD8F /* Release */ = {
			isa = XCBuildConfiguration;
			buildSettings = {
				BUNDLE_LOADER = "$(TEST_HOST)";
				INFOPLIST_FILE = "Tour KenyaTests/Info.plist";
				LD_RUNPATH_SEARCH_PATHS = "$(inherited) @executable_path/Frameworks @loader_path/Frameworks";
				PRODUCT_BUNDLE_IDENTIFIER = "edu.strathmore.091573.Tour-KenyaTests";
				PRODUCT_NAME = "$(TARGET_NAME)";
				TEST_HOST = "$(BUILT_PRODUCTS_DIR)/Tour Kenya.app/Tour Kenya";
			};
			name = Release;
		};
		E5BD421B1D533BE600A2AD8F /* Debug */ = {
			isa = XCBuildConfiguration;
			buildSettings = {
				INFOPLIST_FILE = "Tour KenyaUITests/Info.plist";
				LD_RUNPATH_SEARCH_PATHS = "$(inherited) @executable_path/Frameworks @loader_path/Frameworks";
				PRODUCT_BUNDLE_IDENTIFIER = "edu.strathmore.091573.Tour-KenyaUITests";
				PRODUCT_NAME = "$(TARGET_NAME)";
				TEST_TARGET_NAME = "Tour Kenya";
			};
			name = Debug;
		};
		E5BD421C1D533BE600A2AD8F /* Release */ = {
			isa = XCBuildConfiguration;
			buildSettings = {
				INFOPLIST_FILE = "Tour KenyaUITests/Info.plist";
				LD_RUNPATH_SEARCH_PATHS = "$(inherited) @executable_path/Frameworks @loader_path/Frameworks";
				PRODUCT_BUNDLE_IDENTIFIER = "edu.strathmore.091573.Tour-KenyaUITests";
				PRODUCT_NAME = "$(TARGET_NAME)";
				TEST_TARGET_NAME = "Tour Kenya";
			};
			name = Release;
		};
/* End XCBuildConfiguration section */

/* Begin XCConfigurationList section */
		E5BD41DF1D533BE600A2AD8F /* Build configuration list for PBXProject "Tour Kenya" */ = {
			isa = XCConfigurationList;
			buildConfigurations = (
				E5BD42121D533BE600A2AD8F /* Debug */,
				E5BD42131D533BE600A2AD8F /* Release */,
			);
			defaultConfigurationIsVisible = 0;
			defaultConfigurationName = Release;
		};
		E5BD42141D533BE600A2AD8F /* Build configuration list for PBXNativeTarget "Tour Kenya" */ = {
			isa = XCConfigurationList;
			buildConfigurations = (
				E5BD42151D533BE600A2AD8F /* Debug */,
				E5BD42161D533BE600A2AD8F /* Release */,
			);
			defaultConfigurationIsVisible = 0;
		};
		E5BD42171D533BE600A2AD8F /* Build configuration list for PBXNativeTarget "Tour KenyaTests" */ = {
			isa = XCConfigurationList;
			buildConfigurations = (
				E5BD42181D533BE600A2AD8F /* Debug */,
				E5BD42191D533BE600A2AD8F /* Release */,
			);
			defaultConfigurationIsVisible = 0;
		};
		E5BD421A1D533BE600A2AD8F /* Build configuration list for PBXNativeTarget "Tour KenyaUITests" */ = {
			isa = XCConfigurationList;
			buildConfigurations = (
				E5BD421B1D533BE600A2AD8F /* Debug */,
				E5BD421C1D533BE600A2AD8F /* Release */,
			);
			defaultConfigurationIsVisible = 0;
		};
/* End XCConfigurationList section */

/* Begin XCVersionGroup section */
		E5BD41F31D533BE600A2AD8F /* Tour_Kenya.xcdatamodeld */ = {
			isa = XCVersionGroup;
			children = (
				E5BD41F41D533BE600A2AD8F /* Tour_Kenya.xcdatamodel */,
			);
			currentVersion = E5BD41F41D533BE600A2AD8F /* Tour_Kenya.xcdatamodel */;
			path = Tour_Kenya.xcdatamodeld;
			sourceTree = "<group>";
			versionGroupType = wrapper.xcdatamodel;
		};
/* End XCVersionGroup section */
	};
	rootObject = E5BD41DC1D533BE600A2AD8F /* Project object */;
}
